
Microsoft Visual Studio Solution File, Format Version 12.00
# Visual Studio Version 16
VisualStudioVersion = 16.0.31424.327
MinimumVisualStudioVersion = 10.0.40219.1
Project("{2150E333-8FDC-42A3-9474-1A3956D46DE8}") = "Services", "Services", "{FBDBE90B-200F-4EAC-9A64-CCB444B3346F}"
EndProject
Project("{2150E333-8FDC-42A3-9474-1A3956D46DE8}") = "HR", "HR", "{041CF237-0997-4B27-AF82-9F17BE3AEC0A}"
EndProject
Global
	GlobalSection(SolutionProperties) = preSolution
		HideSolutionNode = FALSE
	EndGlobalSection
	GlobalSection(NestedProjects) = preSolution
		{041CF237-0997-4B27-AF82-9F17BE3AEC0A} = {FBDBE90B-200F-4EAC-9A64-CCB444B3346F}
	EndGlobalSection
	GlobalSection(ExtensibilityGlobals) = postSolution
		SolutionGuid = {3665FC0D-5FF5-4496-9C43-B4241723DC94}
	EndGlobalSection
EndGlobal
